
Microsoft Visual Studio Solution File, Format Version 12.00
Project("{FAE04EC0-301F-11D3-BF4B-00C04F79EFBC}") = "ConsoleApp1", "ConsoleApp1\ConsoleApp1.csproj", "{BAF5660B-54B4-46DA-93E4-77E074888318}"
EndProject
Global
	GlobalSection(SolutionConfigurationPlatforms) = preSolution
		Debug|Any CPU = Debug|Any CPU
		Release|Any CPU = Release|Any CPU
	EndGlobalSection
	GlobalSection(ProjectConfigurationPlatforms) = postSolution
		{BAF5660B-54B4-46DA-93E4-77E074888318}.Debug|Any CPU.ActiveCfg = Debug|Any CPU
		{BAF5660B-54B4-46DA-93E4-77E074888318}.Debug|Any CPU.Build.0 = Debug|Any CPU
		{BAF5660B-54B4-46DA-93E4-77E074888318}.Release|Any CPU.ActiveCfg = Release|Any CPU
		{BAF5660B-54B4-46DA-93E4-77E074888318}.Release|Any CPU.Build.0 = Release|Any CPU
	EndGlobalSection
EndGlobal
